
Microsoft Visual Studio Solution File, Format Version 12.00
# Visual Studio 14
VisualStudioVersion = 14.0.25123.0
MinimumVisualStudioVersion = 10.0.40219.1
Project("{FAE04EC0-301F-11D3-BF4B-00C04F79EFBC}") = "CookieAccessibleBrowser", "CookieAccessibleBrowser\CookieAccessibleBrowser.csproj", "{39940BFC-7D2C-40CD-9CC1-8D6029F9A261}"
EndProject
Project("{FAE04EC0-301F-11D3-BF4B-00C04F79EFBC}") = "UaImpersonationBrowser", "UaImpersonationBrowser\UaImpersonationBrowser.csproj", "{4581AE5B-0DC0-4220-BEE0-AD5899F3D6C1}"
EndProject
Project("{FAE04EC0-301F-11D3-BF4B-00C04F79EFBC}") = "EchoUaWebApp", "EchoUaWebApp\EchoUaWebApp.csproj", "{5CBCD1B5-503D-4FB3-B695-42F367AB3BE6}"
EndProject
Project("{FAE04EC0-301F-11D3-BF4B-00C04F79EFBC}") = "HandleNewWindowBrowser", "HandleNewWindowBrowser\HandleNewWindowBrowser.csproj", "{548AEEEC-9199-49D9-9EE3-FD0D8F90F276}"
EndProject
Project("{FAE04EC0-301F-11D3-BF4B-00C04F79EFBC}") = "SuppressJavaScriptErrorBrowser", "SuppressJavaScriptErrorBrowser\SuppressJavaScriptErrorBrowser.csproj", "{F98F6A9C-D4D0-4EF9-AABC-84F79485E3C4}"
EndProject
Global
	GlobalSection(SolutionConfigurationPlatforms) = preSolution
		Debug|Any CPU = Debug|Any CPU
		Release|Any CPU = Release|Any CPU
	EndGlobalSection
	GlobalSection(ProjectConfigurationPlatforms) = postSolution
		{39940BFC-7D2C-40CD-9CC1-8D6029F9A261}.Debug|Any CPU.ActiveCfg = Debug|Any CPU
		{39940BFC-7D2C-40CD-9CC1-8D6029F9A261}.Debug|Any CPU.Build.0 = Debug|Any CPU
		{39940BFC-7D2C-40CD-9CC1-8D6029F9A261}.Release|Any CPU.ActiveCfg = Release|Any CPU
		{39940BFC-7D2C-40CD-9CC1-8D6029F9A261}.Release|Any CPU.Build.0 = Release|Any CPU
		{4581AE5B-0DC0-4220-BEE0-AD5899F3D6C1}.Debug|Any CPU.ActiveCfg = Debug|Any CPU
		{4581AE5B-0DC0-4220-BEE0-AD5899F3D6C1}.Debug|Any CPU.Build.0 = Debug|Any CPU
		{4581AE5B-0DC0-4220-BEE0-AD5899F3D6C1}.Release|Any CPU.ActiveCfg = Release|Any CPU
		{4581AE5B-0DC0-4220-BEE0-AD5899F3D6C1}.Release|Any CPU.Build.0 = Release|Any CPU
		{5CBCD1B5-503D-4FB3-B695-42F367AB3BE6}.Debug|Any CPU.ActiveCfg = Debug|Any CPU
		{5CBCD1B5-503D-4FB3-B695-42F367AB3BE6}.Debug|Any CPU.Build.0 = Debug|Any CPU
		{5CBCD1B5-503D-4FB3-B695-42F367AB3BE6}.Release|Any CPU.ActiveCfg = Release|Any CPU
		{5CBCD1B5-503D-4FB3-B695-42F367AB3BE6}.Release|Any CPU.Build.0 = Release|Any CPU
		{548AEEEC-9199-49D9-9EE3-FD0D8F90F276}.Debug|Any CPU.ActiveCfg = Debug|Any CPU
		{548AEEEC-9199-49D9-9EE3-FD0D8F90F276}.Debug|Any CPU.Build.0 = Debug|Any CPU
		{548AEEEC-9199-49D9-9EE3-FD0D8F90F276}.Release|Any CPU.ActiveCfg = Release|Any CPU
		{548AEEEC-9199-49D9-9EE3-FD0D8F90F276}.Release|Any CPU.Build.0 = Release|Any CPU
		{F98F6A9C-D4D0-4EF9-AABC-84F79485E3C4}.Debug|Any CPU.ActiveCfg = Debug|Any CPU
		{F98F6A9C-D4D0-4EF9-AABC-84F79485E3C4}.Debug|Any CPU.Build.0 = Debug|Any CPU
		{F98F6A9C-D4D0-4EF9-AABC-84F79485E3C4}.Release|Any CPU.ActiveCfg = Release|Any CPU
		{F98F6A9C-D4D0-4EF9-AABC-84F79485E3C4}.Release|Any CPU.Build.0 = Release|Any CPU
	EndGlobalSection
	GlobalSection(SolutionProperties) = preSolution
		HideSolutionNode = FALSE
	EndGlobalSection
EndGlobal
